
Microsoft Visual Studio Solution File, Format Version 12.00
# Visual Studio Version 17
VisualStudioVersion = 17.6.33417.168
MinimumVisualStudioVersion = 10.0.40219.1
Project("{9A19103F-16F7-4668-BE54-9A1E7A4F7556}") = "Dustcloud.HackerNews", "Dustcloud.HackerNews\Dustcloud.HackerNews.csproj", "{CF5AF600-6138-4E6C-95B2-300766453C02}"
EndProject
Project("{9A19103F-16F7-4668-BE54-9A1E7A4F7556}") = "Dustcloud.HackerNews.Repository", "Dustcloud.HackerNews.Repository\Dustcloud.HackerNews.Repository.csproj", "{B50F884C-1E94-493A-BB68-DF66DC997C26}"
EndProject
Project("{9A19103F-16F7-4668-BE54-9A1E7A4F7556}") = "Dustcloud.HackerNews.Common", "Dustcloud.HackerNews.Common\Dustcloud.HackerNews.Common.csproj", "{67113852-1A2D-4FB1-92A2-BEB5BF93AB7D}"
EndProject
Global
	GlobalSection(SolutionConfigurationPlatforms) = preSolution
		Debug|Any CPU = Debug|Any CPU
		Release|Any CPU = Release|Any CPU
	EndGlobalSection
	GlobalSection(ProjectConfigurationPlatforms) = postSolution
		{CF5AF600-6138-4E6C-95B2-300766453C02}.Debug|Any CPU.ActiveCfg = Debug|Any CPU
		{CF5AF600-6138-4E6C-95B2-300766453C02}.Debug|Any CPU.Build.0 = Debug|Any CPU
		{CF5AF600-6138-4E6C-95B2-300766453C02}.Release|Any CPU.ActiveCfg = Release|Any CPU
		{CF5AF600-6138-4E6C-95B2-300766453C02}.Release|Any CPU.Build.0 = Release|Any CPU
		{B50F884C-1E94-493A-BB68-DF66DC997C26}.Debug|Any CPU.ActiveCfg = Debug|Any CPU
		{B50F884C-1E94-493A-BB68-DF66DC997C26}.Debug|Any CPU.Build.0 = Debug|Any CPU
		{B50F884C-1E94-493A-BB68-DF66DC997C26}.Release|Any CPU.ActiveCfg = Release|Any CPU
		{B50F884C-1E94-493A-BB68-DF66DC997C26}.Release|Any CPU.Build.0 = Release|Any CPU
		{67113852-1A2D-4FB1-92A2-BEB5BF93AB7D}.Debug|Any CPU.ActiveCfg = Debug|Any CPU
		{67113852-1A2D-4FB1-92A2-BEB5BF93AB7D}.Debug|Any CPU.Build.0 = Debug|Any CPU
		{67113852-1A2D-4FB1-92A2-BEB5BF93AB7D}.Release|Any CPU.ActiveCfg = Release|Any CPU
		{67113852-1A2D-4FB1-92A2-BEB5BF93AB7D}.Release|Any CPU.Build.0 = Release|Any CPU
	EndGlobalSection
	GlobalSection(SolutionProperties) = preSolution
		HideSolutionNode = FALSE
	EndGlobalSection
	GlobalSection(ExtensibilityGlobals) = postSolution
		SolutionGuid = {79816647-47C7-4490-AAC4-44503D11DA5E}
	EndGlobalSection
EndGlobal
